{
  "name": "assets",
  "lockfileVersion": 3,
  "requires": true,
  "packages": {
    "": {
      "dependencies": {
        "daisyui": "^5.0.4",
        "topbar": "^3.0.0"
      }
    },
    "node_modules/daisyui": {
      "version": "5.0.4",
      "resolved": "https://registry.npmjs.org/daisyui/-/daisyui-5.0.4.tgz",
      "integrity": "sha512-9X3oX/k9hPBCslAECk8kYfvwgrz6Grs0lN7VI0/ZTM/hUfq1uFREHxCcBCCq0QROpN183N19B1hTNRWGipO2Eg==",
      "license": "MIT",
      "funding": {
        "url": "https://github.com/saadeghi/daisyui?sponsor=1"
      }
    },
    "node_modules/topbar": {
      "version": "3.0.0",
      "resolved": "https://registry.npmjs.org/topbar/-/topbar-3.0.0.tgz",
      "integrity": "sha512-mhczD7KfYi1anfoMPKRdl0wPSWiYc0YOK4KyycYs3EaNT15pVVNDG5CtfgZcEBWIPJEdfR7r8K4hTXDD2ECBVQ==",
      "license": "MIT"
    }
  }
}
